
Microsoft Visual Studio Solution File, Format Version 12.00
# Visual Studio Version 17
VisualStudioVersion = 17.0.31903.59
MinimumVisualStudioVersion = 10.0.40219.1
Project("{2150E333-8FDC-42A3-9474-1A3956D46DE8}") = "src", "src", "{827E0CD3-B72D-47B6-A68D-7590B98EB39B}"
EndProject
Project("{FAE04EC0-301F-11D3-BF4B-00C04F79EFBC}") = "Snapp.Client", "src\Snapp.Client\Snapp.Client.csproj", "{6DDDF766-278E-479D-9362-24A80A11FB52}"
EndProject
Project("{FAE04EC0-301F-11D3-BF4B-00C04F79EFBC}") = "Snapp.Shared", "src\Snapp.Shared\Snapp.Shared.csproj", "{3F182951-C04E-44CD-8978-E1FBD314B313}"
EndProject
Project("{FAE04EC0-301F-11D3-BF4B-00C04F79EFBC}") = "Snapp.Sdk", "src\Snapp.Sdk\Snapp.Sdk.csproj", "{A1BC839A-2826-45FA-AE67-7A5D71D06150}"
EndProject
Project("{FAE04EC0-301F-11D3-BF4B-00C04F79EFBC}") = "Snapp.Infrastructure", "src\Snapp.Infrastructure\Snapp.Infrastructure.csproj", "{D7612D3C-F012-4D08-9546-D9B9A558AD37}"
EndProject
Project("{FAE04EC0-301F-11D3-BF4B-00C04F79EFBC}") = "Snapp.Service.Auth", "src\Snapp.Service.Auth\Snapp.Service.Auth.csproj", "{5EE179FE-8992-4463-9BE1-F48130A9B49E}"
EndProject
Project("{FAE04EC0-301F-11D3-BF4B-00C04F79EFBC}") = "Snapp.Service.Authorizer", "src\Snapp.Service.Authorizer\Snapp.Service.Authorizer.csproj", "{EFB829E1-F924-4159-841A-2867902C5AB0}"
EndProject
Project("{FAE04EC0-301F-11D3-BF4B-00C04F79EFBC}") = "Snapp.Service.Content", "src\Snapp.Service.Content\Snapp.Service.Content.csproj", "{A9EBA6EA-3166-4B68-BF2F-1F277E04AFAE}"
EndProject
Project("{FAE04EC0-301F-11D3-BF4B-00C04F79EFBC}") = "Snapp.Service.DigestJob", "src\Snapp.Service.DigestJob\Snapp.Service.DigestJob.csproj", "{345860A7-E789-4465-B227-01B1FF977675}"
EndProject
Project("{FAE04EC0-301F-11D3-BF4B-00C04F79EFBC}") = "Snapp.Service.Discord", "src\Snapp.Service.Discord\Snapp.Service.Discord.csproj", "{E2CF8623-3EEB-4158-B262-4CAC4C495F33}"
EndProject
Project("{FAE04EC0-301F-11D3-BF4B-00C04F79EFBC}") = "Snapp.Service.Enrichment", "src\Snapp.Service.Enrichment\Snapp.Service.Enrichment.csproj", "{42F743DA-6FC8-4B64-A7ED-CC0C5B516F0F}"
EndProject
Project("{FAE04EC0-301F-11D3-BF4B-00C04F79EFBC}") = "Snapp.Service.Intelligence", "src\Snapp.Service.Intelligence\Snapp.Service.Intelligence.csproj", "{64903903-C12B-47DE-A05D-9B6BBEA5F385}"
EndProject
Project("{FAE04EC0-301F-11D3-BF4B-00C04F79EFBC}") = "Snapp.Service.LinkedIn", "src\Snapp.Service.LinkedIn\Snapp.Service.LinkedIn.csproj", "{A7DCCFAB-D0FC-48D4-A995-681859968C3C}"
EndProject
Project("{FAE04EC0-301F-11D3-BF4B-00C04F79EFBC}") = "Snapp.Service.Network", "src\Snapp.Service.Network\Snapp.Service.Network.csproj", "{CEE1347E-BF91-4231-9C39-B43A73B581D3}"
EndProject
Project("{FAE04EC0-301F-11D3-BF4B-00C04F79EFBC}") = "Snapp.Service.Notification", "src\Snapp.Service.Notification\Snapp.Service.Notification.csproj", "{593DD95F-51DE-41AE-BE80-71D3039AD35A}"
EndProject
Project("{FAE04EC0-301F-11D3-BF4B-00C04F79EFBC}") = "Snapp.Service.Transaction", "src\Snapp.Service.Transaction\Snapp.Service.Transaction.csproj", "{3FA00A10-62B6-410F-AB83-9B7AE3676002}"
EndProject
Project("{FAE04EC0-301F-11D3-BF4B-00C04F79EFBC}") = "Snapp.Service.User", "src\Snapp.Service.User\Snapp.Service.User.csproj", "{DAA38254-8D02-47AF-AAD9-D95F2D1DC803}"
EndProject
Project("{FAE04EC0-301F-11D3-BF4B-00C04F79EFBC}") = "Snapp.Tools.SpecMerge", "src\Snapp.Tools.SpecMerge\Snapp.Tools.SpecMerge.csproj", "{6B7FB9B7-B544-408C-8D92-770312C089DE}"
EndProject
Project("{2150E333-8FDC-42A3-9474-1A3956D46DE8}") = "test", "test", "{0C88DD14-F956-CE84-757C-A364CCF449FC}"
EndProject
Project("{FAE04EC0-301F-11D3-BF4B-00C04F79EFBC}") = "Snapp.Client.Tests", "test\Snapp.Client.Tests\Snapp.Client.Tests.csproj", "{BA481235-9EF0-4C07-AD13-3B760CC5FB83}"
EndProject
Project("{FAE04EC0-301F-11D3-BF4B-00C04F79EFBC}") = "Snapp.E2E.Tests", "test\Snapp.E2E.Tests\Snapp.E2E.Tests.csproj", "{32FC215F-97BA-4040-8EEA-94A75B74D6C4}"
EndProject
Project("{FAE04EC0-301F-11D3-BF4B-00C04F79EFBC}") = "Snapp.Sdk.Tests", "test\Snapp.Sdk.Tests\Snapp.Sdk.Tests.csproj", "{0487CF52-AC08-487C-A8CF-E8F00E0C75B5}"
EndProject
Project("{FAE04EC0-301F-11D3-BF4B-00C04F79EFBC}") = "Snapp.Service.Auth.Tests", "test\Snapp.Service.Auth.Tests\Snapp.Service.Auth.Tests.csproj", "{42B44B54-24BA-49A6-8C0A-4537096DD0B9}"
EndProject
Project("{FAE04EC0-301F-11D3-BF4B-00C04F79EFBC}") = "Snapp.Service.Content.Tests", "test\Snapp.Service.Content.Tests\Snapp.Service.Content.Tests.csproj", "{73980C27-9FAC-4C1E-92D1-C448D4D9BC3C}"
EndProject
Project("{FAE04EC0-301F-11D3-BF4B-00C04F79EFBC}") = "Snapp.Service.DigestJob.Tests", "test\Snapp.Service.DigestJob.Tests\Snapp.Service.DigestJob.Tests.csproj", "{C72C02B8-9B56-4F21-B680-6CDD5DD824B0}"
EndProject
Project("{FAE04EC0-301F-11D3-BF4B-00C04F79EFBC}") = "Snapp.Service.Intelligence.Tests", "test\Snapp.Service.Intelligence.Tests\Snapp.Service.Intelligence.Tests.csproj", "{D77F8D24-776C-463D-9D0A-EE6EF6FC6E98}"
EndProject
Project("{FAE04EC0-301F-11D3-BF4B-00C04F79EFBC}") = "Snapp.Service.LinkedIn.Tests", "test\Snapp.Service.LinkedIn.Tests\Snapp.Service.LinkedIn.Tests.csproj", "{A48F34D8-FA4F-4158-A975-602249945192}"
EndProject
Project("{FAE04EC0-301F-11D3-BF4B-00C04F79EFBC}") = "Snapp.Service.Network.Tests", "test\Snapp.Service.Network.Tests\Snapp.Service.Network.Tests.csproj", "{8B78F302-EBB3-430E-A6D7-7A0DF71DC42C}"
EndProject
Project("{FAE04EC0-301F-11D3-BF4B-00C04F79EFBC}") = "Snapp.Service.Notification.Tests", "test\Snapp.Service.Notification.Tests\Snapp.Service.Notification.Tests.csproj", "{229C2B8B-5B75-464C-8E0E-21D5CD658B87}"
EndProject
Project("{FAE04EC0-301F-11D3-BF4B-00C04F79EFBC}") = "Snapp.Service.Transaction.Tests", "test\Snapp.Service.Transaction.Tests\Snapp.Service.Transaction.Tests.csproj", "{B650628B-9EBB-4F49-8A06-CF95AAC32BE6}"
EndProject
Project("{FAE04EC0-301F-11D3-BF4B-00C04F79EFBC}") = "Snapp.Service.User.Tests", "test\Snapp.Service.User.Tests\Snapp.Service.User.Tests.csproj", "{0C47BDB9-F91F-475A-94A8-460141A46828}"
EndProject
Project("{FAE04EC0-301F-11D3-BF4B-00C04F79EFBC}") = "Snapp.Shared.Tests", "test\Snapp.Shared.Tests\Snapp.Shared.Tests.csproj", "{8B9A019B-0ED3-445C-A9FE-8197E19D191B}"
EndProject
Global
	GlobalSection(SolutionConfigurationPlatforms) = preSolution
		Debug|Any CPU = Debug|Any CPU
		Debug|x64 = Debug|x64
		Debug|x86 = Debug|x86
		Release|Any CPU = Release|Any CPU
		Release|x64 = Release|x64
		Release|x86 = Release|x86
	EndGlobalSection
	GlobalSection(ProjectConfigurationPlatforms) = postSolution
		{6DDDF766-278E-479D-9362-24A80A11FB52}.Debug|Any CPU.ActiveCfg = Debug|Any CPU
		{6DDDF766-278E-479D-9362-24A80A11FB52}.Debug|Any CPU.Build.0 = Debug|Any CPU
		{6DDDF766-278E-479D-9362-24A80A11FB52}.Debug|x64.ActiveCfg = Debug|Any CPU
		{6DDDF766-278E-479D-9362-24A80A11FB52}.Debug|x64.Build.0 = Debug|Any CPU
		{6DDDF766-278E-479D-9362-24A80A11FB52}.Debug|x86.ActiveCfg = Debug|Any CPU
		{6DDDF766-278E-479D-9362-24A80A11FB52}.Debug|x86.Build.0 = Debug|Any CPU
		{6DDDF766-278E-479D-9362-24A80A11FB52}.Release|Any CPU.ActiveCfg = Release|Any CPU
		{6DDDF766-278E-479D-9362-24A80A11FB52}.Release|Any CPU.Build.0 = Release|Any CPU
		{6DDDF766-278E-479D-9362-24A80A11FB52}.Release|x64.ActiveCfg = Release|Any CPU
		{6DDDF766-278E-479D-9362-24A80A11FB52}.Release|x64.Build.0 = Release|Any CPU
		{6DDDF766-278E-479D-9362-24A80A11FB52}.Release|x86.ActiveCfg = Release|Any CPU
		{6DDDF766-278E-479D-9362-24A80A11FB52}.Release|x86.Build.0 = Release|Any CPU
		{3F182951-C04E-44CD-8978-E1FBD314B313}.Debug|Any CPU.ActiveCfg = Debug|Any CPU
		{3F182951-C04E-44CD-8978-E1FBD314B313}.Debug|Any CPU.Build.0 = Debug|Any CPU
		{3F182951-C04E-44CD-8978-E1FBD314B313}.Debug|x64.ActiveCfg = Debug|Any CPU
		{3F182951-C04E-44CD-8978-E1FBD314B313}.Debug|x64.Build.0 = Debug|Any CPU
		{3F182951-C04E-44CD-8978-E1FBD314B313}.Debug|x86.ActiveCfg = Debug|Any CPU
		{3F182951-C04E-44CD-8978-E1FBD314B313}.Debug|x86.Build.0 = Debug|Any CPU
		{3F182951-C04E-44CD-8978-E1FBD314B313}.Release|Any CPU.ActiveCfg = Release|Any CPU
		{3F182951-C04E-44CD-8978-E1FBD314B313}.Release|Any CPU.Build.0 = Release|Any CPU
		{3F182951-C04E-44CD-8978-E1FBD314B313}.Release|x64.ActiveCfg = Release|Any CPU
		{3F182951-C04E-44CD-8978-E1FBD314B313}.Release|x64.Build.0 = Release|Any CPU
		{3F182951-C04E-44CD-8978-E1FBD314B313}.Release|x86.ActiveCfg = Release|Any CPU
		{3F182951-C04E-44CD-8978-E1FBD314B313}.Release|x86.Build.0 = Release|Any CPU
		{A1BC839A-2826-45FA-AE67-7A5D71D06150}.Debug|Any CPU.ActiveCfg = Debug|Any CPU
		{A1BC839A-2826-45FA-AE67-7A5D71D06150}.Debug|Any CPU.Build.0 = Debug|Any CPU
		{A1BC839A-2826-45FA-AE67-7A5D71D06150}.Debug|x64.ActiveCfg = Debug|Any CPU
		{A1BC839A-2826-45FA-AE67-7A5D71D06150}.Debug|x64.Build.0 = Debug|Any CPU
		{A1BC839A-2826-45FA-AE67-7A5D71D06150}.Debug|x86.ActiveCfg = Debug|Any CPU
		{A1BC839A-2826-45FA-AE67-7A5D71D06150}.Debug|x86.Build.0 = Debug|Any CPU
		{A1BC839A-2826-45FA-AE67-7A5D71D06150}.Release|Any CPU.ActiveCfg = Release|Any CPU
		{A1BC839A-2826-45FA-AE67-7A5D71D06150}.Release|Any CPU.Build.0 = Release|Any CPU
		{A1BC839A-2826-45FA-AE67-7A5D71D06150}.Release|x64.ActiveCfg = Release|Any CPU
		{A1BC839A-2826-45FA-AE67-7A5D71D06150}.Release|x64.Build.0 = Release|Any CPU
		{A1BC839A-2826-45FA-AE67-7A5D71D06150}.Release|x86.ActiveCfg = Release|Any CPU
		{A1BC839A-2826-45FA-AE67-7A5D71D06150}.Release|x86.Build.0 = Release|Any CPU
		{D7612D3C-F012-4D08-9546-D9B9A558AD37}.Debug|Any CPU.ActiveCfg = Debug|Any CPU
		{D7612D3C-F012-4D08-9546-D9B9A558AD37}.Debug|Any CPU.Build.0 = Debug|Any CPU
		{D7612D3C-F012-4D08-9546-D9B9A558AD37}.Debug|x64.ActiveCfg = Debug|Any CPU
		{D7612D3C-F012-4D08-9546-D9B9A558AD37}.Debug|x64.Build.0 = Debug|Any CPU
		{D7612D3C-F012-4D08-9546-D9B9A558AD37}.Debug|x86.ActiveCfg = Debug|Any CPU
		{D7612D3C-F012-4D08-9546-D9B9A558AD37}.Debug|x86.Build.0 = Debug|Any CPU
		{D7612D3C-F012-4D08-9546-D9B9A558AD37}.Release|Any CPU.ActiveCfg = Release|Any CPU
		{D7612D3C-F012-4D08-9546-D9B9A558AD37}.Release|Any CPU.Build.0 = Release|Any CPU
		{D7612D3C-F012-4D08-9546-D9B9A558AD37}.Release|x64.ActiveCfg = Release|Any CPU
		{D7612D3C-F012-4D08-9546-D9B9A558AD37}.Release|x64.Build.0 = Release|Any CPU
		{D7612D3C-F012-4D08-9546-D9B9A558AD37}.Release|x86.ActiveCfg = Release|Any CPU
		{D7612D3C-F012-4D08-9546-D9B9A558AD37}.Release|x86.Build.0 = Release|Any CPU
		{5EE179FE-8992-4463-9BE1-F48130A9B49E}.Debug|Any CPU.ActiveCfg = Debug|Any CPU
		{5EE179FE-8992-4463-9BE1-F48130A9B49E}.Debug|Any CPU.Build.0 = Debug|Any CPU
		{5EE179FE-8992-4463-9BE1-F48130A9B49E}.Debug|x64.ActiveCfg = Debug|Any CPU
		{5EE179FE-8992-4463-9BE1-F48130A9B49E}.Debug|x64.Build.0 = Debug|Any CPU
		{5EE179FE-8992-4463-9BE1-F48130A9B49E}.Debug|x86.ActiveCfg = Debug|Any CPU
		{5EE179FE-8992-4463-9BE1-F48130A9B49E}.Debug|x86.Build.0 = Debug|Any CPU
		{5EE179FE-8992-4463-9BE1-F48130A9B49E}.Release|Any CPU.ActiveCfg = Release|Any CPU
		{5EE179FE-8992-4463-9BE1-F48130A9B49E}.Release|Any CPU.Build.0 = Release|Any CPU
		{5EE179FE-8992-4463-9BE1-F48130A9B49E}.Release|x64.ActiveCfg = Release|Any CPU
		{5EE179FE-8992-4463-9BE1-F48130A9B49E}.Release|x64.Build.0 = Release|Any CPU
		{5EE179FE-8992-4463-9BE1-F48130A9B49E}.Release|x86.ActiveCfg = Release|Any CPU
		{5EE179FE-8992-4463-9BE1-F48130A9B49E}.Release|x86.Build.0 = Release|Any CPU
		{EFB829E1-F924-4159-841A-2867902C5AB0}.Debug|Any CPU.ActiveCfg = Debug|Any CPU
		{EFB829E1-F924-4159-841A-2867902C5AB0}.Debug|Any CPU.Build.0 = Debug|Any CPU
		{EFB829E1-F924-4159-841A-2867902C5AB0}.Debug|x64.ActiveCfg = Debug|Any CPU
		{EFB829E1-F924-4159-841A-2867902C5AB0}.Debug|x64.Build.0 = Debug|Any CPU
		{EFB829E1-F924-4159-841A-2867902C5AB0}.Debug|x86.ActiveCfg = Debug|Any CPU
		{EFB829E1-F924-4159-841A-2867902C5AB0}.Debug|x86.Build.0 = Debug|Any CPU
		{EFB829E1-F924-4159-841A-2867902C5AB0}.Release|Any CPU.ActiveCfg = Release|Any CPU
		{EFB829E1-F924-4159-841A-2867902C5AB0}.Release|Any CPU.Build.0 = Release|Any CPU
		{EFB829E1-F924-4159-841A-2867902C5AB0}.Release|x64.ActiveCfg = Release|Any CPU
		{EFB829E1-F924-4159-841A-2867902C5AB0}.Release|x64.Build.0 = Release|Any CPU
		{EFB829E1-F924-4159-841A-2867902C5AB0}.Release|x86.ActiveCfg = Release|Any CPU
		{EFB829E1-F924-4159-841A-2867902C5AB0}.Release|x86.Build.0 = Release|Any CPU
		{A9EBA6EA-3166-4B68-BF2F-1F277E04AFAE}.Debug|Any CPU.ActiveCfg = Debug|Any CPU
		{A9EBA6EA-3166-4B68-BF2F-1F277E04AFAE}.Debug|Any CPU.Build.0 = Debug|Any CPU
		{A9EBA6EA-3166-4B68-BF2F-1F277E04AFAE}.Debug|x64.ActiveCfg = Debug|Any CPU
		{A9EBA6EA-3166-4B68-BF2F-1F277E04AFAE}.Debug|x64.Build.0 = Debug|Any CPU
		{A9EBA6EA-3166-4B68-BF2F-1F277E04AFAE}.Debug|x86.ActiveCfg = Debug|Any CPU
		{A9EBA6EA-3166-4B68-BF2F-1F277E04AFAE}.Debug|x86.Build.0 = Debug|Any CPU
		{A9EBA6EA-3166-4B68-BF2F-1F277E04AFAE}.Release|Any CPU.ActiveCfg = Release|Any CPU
		{A9EBA6EA-3166-4B68-BF2F-1F277E04AFAE}.Release|Any CPU.Build.0 = Release|Any CPU
		{A9EBA6EA-3166-4B68-BF2F-1F277E04AFAE}.Release|x64.ActiveCfg = Release|Any CPU
		{A9EBA6EA-3166-4B68-BF2F-1F277E04AFAE}.Release|x64.Build.0 = Release|Any CPU
		{A9EBA6EA-3166-4B68-BF2F-1F277E04AFAE}.Release|x86.ActiveCfg = Release|Any CPU
		{A9EBA6EA-3166-4B68-BF2F-1F277E04AFAE}.Release|x86.Build.0 = Release|Any CPU
		{345860A7-E789-4465-B227-01B1FF977675}.Debug|Any CPU.ActiveCfg = Debug|Any CPU
		{345860A7-E789-4465-B227-01B1FF977675}.Debug|Any CPU.Build.0 = Debug|Any CPU
		{345860A7-E789-4465-B227-01B1FF977675}.Debug|x64.ActiveCfg = Debug|Any CPU
		{345860A7-E789-4465-B227-01B1FF977675}.Debug|x64.Build.0 = Debug|Any CPU
		{345860A7-E789-4465-B227-01B1FF977675}.Debug|x86.ActiveCfg = Debug|Any CPU
		{345860A7-E789-4465-B227-01B1FF977675}.Debug|x86.Build.0 = Debug|Any CPU
		{345860A7-E789-4465-B227-01B1FF977675}.Release|Any CPU.ActiveCfg = Release|Any CPU
		{345860A7-E789-4465-B227-01B1FF977675}.Release|Any CPU.Build.0 = Release|Any CPU
		{345860A7-E789-4465-B227-01B1FF977675}.Release|x64.ActiveCfg = Release|Any CPU
		{345860A7-E789-4465-B227-01B1FF977675}.Release|x64.Build.0 = Release|Any CPU
		{345860A7-E789-4465-B227-01B1FF977675}.Release|x86.ActiveCfg = Release|Any CPU
		{345860A7-E789-4465-B227-01B1FF977675}.Release|x86.Build.0 = Release|Any CPU
		{E2CF8623-3EEB-4158-B262-4CAC4C495F33}.Debug|Any CPU.ActiveCfg = Debug|Any CPU
		{E2CF8623-3EEB-4158-B262-4CAC4C495F33}.Debug|Any CPU.Build.0 = Debug|Any CPU
		{E2CF8623-3EEB-4158-B262-4CAC4C495F33}.Debug|x64.ActiveCfg = Debug|Any CPU
		{E2CF8623-3EEB-4158-B262-4CAC4C495F33}.Debug|x64.Build.0 = Debug|Any CPU
		{E2CF8623-3EEB-4158-B262-4CAC4C495F33}.Debug|x86.ActiveCfg = Debug|Any CPU
		{E2CF8623-3EEB-4158-B262-4CAC4C495F33}.Debug|x86.Build.0 = Debug|Any CPU
		{E2CF8623-3EEB-4158-B262-4CAC4C495F33}.Release|Any CPU.ActiveCfg = Release|Any CPU
		{E2CF8623-3EEB-4158-B262-4CAC4C495F33}.Release|Any CPU.Build.0 = Release|Any CPU
		{E2CF8623-3EEB-4158-B262-4CAC4C495F33}.Release|x64.ActiveCfg = Release|Any CPU
		{E2CF8623-3EEB-4158-B262-4CAC4C495F33}.Release|x64.Build.0 = Release|Any CPU
		{E2CF8623-3EEB-4158-B262-4CAC4C495F33}.Release|x86.ActiveCfg = Release|Any CPU
		{E2CF8623-3EEB-4158-B262-4CAC4C495F33}.Release|x86.Build.0 = Release|Any CPU
		{42F743DA-6FC8-4B64-A7ED-CC0C5B516F0F}.Debug|Any CPU.ActiveCfg = Debug|Any CPU
		{42F743DA-6FC8-4B64-A7ED-CC0C5B516F0F}.Debug|Any CPU.Build.0 = Debug|Any CPU
		{42F743DA-6FC8-4B64-A7ED-CC0C5B516F0F}.Debug|x64.ActiveCfg = Debug|Any CPU
		{42F743DA-6FC8-4B64-A7ED-CC0C5B516F0F}.Debug|x64.Build.0 = Debug|Any CPU
		{42F743DA-6FC8-4B64-A7ED-CC0C5B516F0F}.Debug|x86.ActiveCfg = Debug|Any CPU
		{42F743DA-6FC8-4B64-A7ED-CC0C5B516F0F}.Debug|x86.Build.0 = Debug|Any CPU
		{42F743DA-6FC8-4B64-A7ED-CC0C5B516F0F}.Release|Any CPU.ActiveCfg = Release|Any CPU
		{42F743DA-6FC8-4B64-A7ED-CC0C5B516F0F}.Release|Any CPU.Build.0 = Release|Any CPU
		{42F743DA-6FC8-4B64-A7ED-CC0C5B516F0F}.Release|x64.ActiveCfg = Release|Any CPU
		{42F743DA-6FC8-4B64-A7ED-CC0C5B516F0F}.Release|x64.Build.0 = Release|Any CPU
		{42F743DA-6FC8-4B64-A7ED-CC0C5B516F0F}.Release|x86.ActiveCfg = Release|Any CPU
		{42F743DA-6FC8-4B64-A7ED-CC0C5B516F0F}.Release|x86.Build.0 = Release|Any CPU
		{64903903-C12B-47DE-A05D-9B6BBEA5F385}.Debug|Any CPU.ActiveCfg = Debug|Any CPU
		{64903903-C12B-47DE-A05D-9B6BBEA5F385}.Debug|Any CPU.Build.0 = Debug|Any CPU
		{64903903-C12B-47DE-A05D-9B6BBEA5F385}.Debug|x64.ActiveCfg = Debug|Any CPU
		{64903903-C12B-47DE-A05D-9B6BBEA5F385}.Debug|x64.Build.0 = Debug|Any CPU
		{64903903-C12B-47DE-A05D-9B6BBEA5F385}.Debug|x86.ActiveCfg = Debug|Any CPU
		{64903903-C12B-47DE-A05D-9B6BBEA5F385}.Debug|x86.Build.0 = Debug|Any CPU
		{64903903-C12B-47DE-A05D-9B6BBEA5F385}.Release|Any CPU.ActiveCfg = Release|Any CPU
		{64903903-C12B-47DE-A05D-9B6BBEA5F385}.Release|Any CPU.Build.0 = Release|Any CPU
		{64903903-C12B-47DE-A05D-9B6BBEA5F385}.Release|x64.ActiveCfg = Release|Any CPU
		{64903903-C12B-47DE-A05D-9B6BBEA5F385}.Release|x64.Build.0 = Release|Any CPU
		{64903903-C12B-47DE-A05D-9B6BBEA5F385}.Release|x86.ActiveCfg = Release|Any CPU
		{64903903-C12B-47DE-A05D-9B6BBEA5F385}.Release|x86.Build.0 = Release|Any CPU
		{A7DCCFAB-D0FC-48D4-A995-681859968C3C}.Debug|Any CPU.ActiveCfg = Debug|Any CPU
		{A7DCCFAB-D0FC-48D4-A995-681859968C3C}.Debug|Any CPU.Build.0 = Debug|Any CPU
		{A7DCCFAB-D0FC-48D4-A995-681859968C3C}.Debug|x64.ActiveCfg = Debug|Any CPU
		{A7DCCFAB-D0FC-48D4-A995-681859968C3C}.Debug|x64.Build.0 = Debug|Any CPU
		{A7DCCFAB-D0FC-48D4-A995-681859968C3C}.Debug|x86.ActiveCfg = Debug|Any CPU
		{A7DCCFAB-D0FC-48D4-A995-681859968C3C}.Debug|x86.Build.0 = Debug|Any CPU
		{A7DCCFAB-D0FC-48D4-A995-681859968C3C}.Release|Any CPU.ActiveCfg = Release|Any CPU
		{A7DCCFAB-D0FC-48D4-A995-681859968C3C}.Release|Any CPU.Build.0 = Release|Any CPU
		{A7DCCFAB-D0FC-48D4-A995-681859968C3C}.Release|x64.ActiveCfg = Release|Any CPU
		{A7DCCFAB-D0FC-48D4-A995-681859968C3C}.Release|x64.Build.0 = Release|Any CPU
		{A7DCCFAB-D0FC-48D4-A995-681859968C3C}.Release|x86.ActiveCfg = Release|Any CPU
		{A7DCCFAB-D0FC-48D4-A995-681859968C3C}.Release|x86.Build.0 = Release|Any CPU
		{CEE1347E-BF91-4231-9C39-B43A73B581D3}.Debug|Any CPU.ActiveCfg = Debug|Any CPU
		{CEE1347E-BF91-4231-9C39-B43A73B581D3}.Debug|Any CPU.Build.0 = Debug|Any CPU
		{CEE1347E-BF91-4231-9C39-B43A73B581D3}.Debug|x64.ActiveCfg = Debug|Any CPU
		{CEE1347E-BF91-4231-9C39-B43A73B581D3}.Debug|x64.Build.0 = Debug|Any CPU
		{CEE1347E-BF91-4231-9C39-B43A73B581D3}.Debug|x86.ActiveCfg = Debug|Any CPU
		{CEE1347E-BF91-4231-9C39-B43A73B581D3}.Debug|x86.Build.0 = Debug|Any CPU
		{CEE1347E-BF91-4231-9C39-B43A73B581D3}.Release|Any CPU.ActiveCfg = Release|Any CPU
		{CEE1347E-BF91-4231-9C39-B43A73B581D3}.Release|Any CPU.Build.0 = Release|Any CPU
		{CEE1347E-BF91-4231-9C39-B43A73B581D3}.Release|x64.ActiveCfg = Release|Any CPU
		{CEE1347E-BF91-4231-9C39-B43A73B581D3}.Release|x64.Build.0 = Release|Any CPU
		{CEE1347E-BF91-4231-9C39-B43A73B581D3}.Release|x86.ActiveCfg = Release|Any CPU
		{CEE1347E-BF91-4231-9C39-B43A73B581D3}.Release|x86.Build.0 = Release|Any CPU
		{593DD95F-51DE-41AE-BE80-71D3039AD35A}.Debug|Any CPU.ActiveCfg = Debug|Any CPU
		{593DD95F-51DE-41AE-BE80-71D3039AD35A}.Debug|Any CPU.Build.0 = Debug|Any CPU
		{593DD95F-51DE-41AE-BE80-71D3039AD35A}.Debug|x64.ActiveCfg = Debug|Any CPU
		{593DD95F-51DE-41AE-BE80-71D3039AD35A}.Debug|x64.Build.0 = Debug|Any CPU
		{593DD95F-51DE-41AE-BE80-71D3039AD35A}.Debug|x86.ActiveCfg = Debug|Any CPU
		{593DD95F-51DE-41AE-BE80-71D3039AD35A}.Debug|x86.Build.0 = Debug|Any CPU
		{593DD95F-51DE-41AE-BE80-71D3039AD35A}.Release|Any CPU.ActiveCfg = Release|Any CPU
		{593DD95F-51DE-41AE-BE80-71D3039AD35A}.Release|Any CPU.Build.0 = Release|Any CPU
		{593DD95F-51DE-41AE-BE80-71D3039AD35A}.Release|x64.ActiveCfg = Release|Any CPU
		{593DD95F-51DE-41AE-BE80-71D3039AD35A}.Release|x64.Build.0 = Release|Any CPU
		{593DD95F-51DE-41AE-BE80-71D3039AD35A}.Release|x86.ActiveCfg = Release|Any CPU
		{593DD95F-51DE-41AE-BE80-71D3039AD35A}.Release|x86.Build.0 = Release|Any CPU
		{3FA00A10-62B6-410F-AB83-9B7AE3676002}.Debug|Any CPU.ActiveCfg = Debug|Any CPU
		{3FA00A10-62B6-410F-AB83-9B7AE3676002}.Debug|Any CPU.Build.0 = Debug|Any CPU
		{3FA00A10-62B6-410F-AB83-9B7AE3676002}.Debug|x64.ActiveCfg = Debug|Any CPU
		{3FA00A10-62B6-410F-AB83-9B7AE3676002}.Debug|x64.Build.0 = Debug|Any CPU
		{3FA00A10-62B6-410F-AB83-9B7AE3676002}.Debug|x86.ActiveCfg = Debug|Any CPU
		{3FA00A10-62B6-410F-AB83-9B7AE3676002}.Debug|x86.Build.0 = Debug|Any CPU
		{3FA00A10-62B6-410F-AB83-9B7AE3676002}.Release|Any CPU.ActiveCfg = Release|Any CPU
		{3FA00A10-62B6-410F-AB83-9B7AE3676002}.Release|Any CPU.Build.0 = Release|Any CPU
		{3FA00A10-62B6-410F-AB83-9B7AE3676002}.Release|x64.ActiveCfg = Release|Any CPU
		{3FA00A10-62B6-410F-AB83-9B7AE3676002}.Release|x64.Build.0 = Release|Any CPU
		{3FA00A10-62B6-410F-AB83-9B7AE3676002}.Release|x86.ActiveCfg = Release|Any CPU
		{3FA00A10-62B6-410F-AB83-9B7AE3676002}.Release|x86.Build.0 = Release|Any CPU
		{DAA38254-8D02-47AF-AAD9-D95F2D1DC803}.Debug|Any CPU.ActiveCfg = Debug|Any CPU
		{DAA38254-8D02-47AF-AAD9-D95F2D1DC803}.Debug|Any CPU.Build.0 = Debug|Any CPU
		{DAA38254-8D02-47AF-AAD9-D95F2D1DC803}.Debug|x64.ActiveCfg = Debug|Any CPU
		{DAA38254-8D02-47AF-AAD9-D95F2D1DC803}.Debug|x64.Build.0 = Debug|Any CPU
		{DAA38254-8D02-47AF-AAD9-D95F2D1DC803}.Debug|x86.ActiveCfg = Debug|Any CPU
		{DAA38254-8D02-47AF-AAD9-D95F2D1DC803}.Debug|x86.Build.0 = Debug|Any CPU
		{DAA38254-8D02-47AF-AAD9-D95F2D1DC803}.Release|Any CPU.ActiveCfg = Release|Any CPU
		{DAA38254-8D02-47AF-AAD9-D95F2D1DC803}.Release|Any CPU.Build.0 = Release|Any CPU
		{DAA38254-8D02-47AF-AAD9-D95F2D1DC803}.Release|x64.ActiveCfg = Release|Any CPU
		{DAA38254-8D02-47AF-AAD9-D95F2D1DC803}.Release|x64.Build.0 = Release|Any CPU
		{DAA38254-8D02-47AF-AAD9-D95F2D1DC803}.Release|x86.ActiveCfg = Release|Any CPU
		{DAA38254-8D02-47AF-AAD9-D95F2D1DC803}.Release|x86.Build.0 = Release|Any CPU
		{6B7FB9B7-B544-408C-8D92-770312C089DE}.Debug|Any CPU.ActiveCfg = Debug|Any CPU
		{6B7FB9B7-B544-408C-8D92-770312C089DE}.Debug|Any CPU.Build.0 = Debug|Any CPU
		{6B7FB9B7-B544-408C-8D92-770312C089DE}.Debug|x64.ActiveCfg = Debug|Any CPU
		{6B7FB9B7-B544-408C-8D92-770312C089DE}.Debug|x64.Build.0 = Debug|Any CPU
		{6B7FB9B7-B544-408C-8D92-770312C089DE}.Debug|x86.ActiveCfg = Debug|Any CPU
		{6B7FB9B7-B544-408C-8D92-770312C089DE}.Debug|x86.Build.0 = Debug|Any CPU
		{6B7FB9B7-B544-408C-8D92-770312C089DE}.Release|Any CPU.ActiveCfg = Release|Any CPU
		{6B7FB9B7-B544-408C-8D92-770312C089DE}.Release|Any CPU.Build.0 = Release|Any CPU
		{6B7FB9B7-B544-408C-8D92-770312C089DE}.Release|x64.ActiveCfg = Release|Any CPU
		{6B7FB9B7-B544-408C-8D92-770312C089DE}.Release|x64.Build.0 = Release|Any CPU
		{6B7FB9B7-B544-408C-8D92-770312C089DE}.Release|x86.ActiveCfg = Release|Any CPU
		{6B7FB9B7-B544-408C-8D92-770312C089DE}.Release|x86.Build.0 = Release|Any CPU
		{BA481235-9EF0-4C07-AD13-3B760CC5FB83}.Debug|Any CPU.ActiveCfg = Debug|Any CPU
		{BA481235-9EF0-4C07-AD13-3B760CC5FB83}.Debug|Any CPU.Build.0 = Debug|Any CPU
		{BA481235-9EF0-4C07-AD13-3B760CC5FB83}.Debug|x64.ActiveCfg = Debug|Any CPU
		{BA481235-9EF0-4C07-AD13-3B760CC5FB83}.Debug|x64.Build.0 = Debug|Any CPU
		{BA481235-9EF0-4C07-AD13-3B760CC5FB83}.Debug|x86.ActiveCfg = Debug|Any CPU
		{BA481235-9EF0-4C07-AD13-3B760CC5FB83}.Debug|x86.Build.0 = Debug|Any CPU
		{BA481235-9EF0-4C07-AD13-3B760CC5FB83}.Release|Any CPU.ActiveCfg = Release|Any CPU
		{BA481235-9EF0-4C07-AD13-3B760CC5FB83}.Release|Any CPU.Build.0 = Release|Any CPU
		{BA481235-9EF0-4C07-AD13-3B760CC5FB83}.Release|x64.ActiveCfg = Release|Any CPU
		{BA481235-9EF0-4C07-AD13-3B760CC5FB83}.Release|x64.Build.0 = Release|Any CPU
		{BA481235-9EF0-4C07-AD13-3B760CC5FB83}.Release|x86.ActiveCfg = Release|Any CPU
		{BA481235-9EF0-4C07-AD13-3B760CC5FB83}.Release|x86.Build.0 = Release|Any CPU
		{32FC215F-97BA-4040-8EEA-94A75B74D6C4}.Debug|Any CPU.ActiveCfg = Debug|Any CPU
		{32FC215F-97BA-4040-8EEA-94A75B74D6C4}.Debug|Any CPU.Build.0 = Debug|Any CPU
		{32FC215F-97BA-4040-8EEA-94A75B74D6C4}.Debug|x64.ActiveCfg = Debug|Any CPU
		{32FC215F-97BA-4040-8EEA-94A75B74D6C4}.Debug|x64.Build.0 = Debug|Any CPU
		{32FC215F-97BA-4040-8EEA-94A75B74D6C4}.Debug|x86.ActiveCfg = Debug|Any CPU
		{32FC215F-97BA-4040-8EEA-94A75B74D6C4}.Debug|x86.Build.0 = Debug|Any CPU
		{32FC215F-97BA-4040-8EEA-94A75B74D6C4}.Release|Any CPU.ActiveCfg = Release|Any CPU
		{32FC215F-97BA-4040-8EEA-94A75B74D6C4}.Release|Any CPU.Build.0 = Release|Any CPU
		{32FC215F-97BA-4040-8EEA-94A75B74D6C4}.Release|x64.ActiveCfg = Release|Any CPU
		{32FC215F-97BA-4040-8EEA-94A75B74D6C4}.Release|x64.Build.0 = Release|Any CPU
		{32FC215F-97BA-4040-8EEA-94A75B74D6C4}.Release|x86.ActiveCfg = Release|Any CPU
		{32FC215F-97BA-4040-8EEA-94A75B74D6C4}.Release|x86.Build.0 = Release|Any CPU
		{0487CF52-AC08-487C-A8CF-E8F00E0C75B5}.Debug|Any CPU.ActiveCfg = Debug|Any CPU
		{0487CF52-AC08-487C-A8CF-E8F00E0C75B5}.Debug|Any CPU.Build.0 = Debug|Any CPU
		{0487CF52-AC08-487C-A8CF-E8F00E0C75B5}.Debug|x64.ActiveCfg = Debug|Any CPU
		{0487CF52-AC08-487C-A8CF-E8F00E0C75B5}.Debug|x64.Build.0 = Debug|Any CPU
		{0487CF52-AC08-487C-A8CF-E8F00E0C75B5}.Debug|x86.ActiveCfg = Debug|Any CPU
		{0487CF52-AC08-487C-A8CF-E8F00E0C75B5}.Debug|x86.Build.0 = Debug|Any CPU
		{0487CF52-AC08-487C-A8CF-E8F00E0C75B5}.Release|Any CPU.ActiveCfg = Release|Any CPU
		{0487CF52-AC08-487C-A8CF-E8F00E0C75B5}.Release|Any CPU.Build.0 = Release|Any CPU
		{0487CF52-AC08-487C-A8CF-E8F00E0C75B5}.Release|x64.ActiveCfg = Release|Any CPU
		{0487CF52-AC08-487C-A8CF-E8F00E0C75B5}.Release|x64.Build.0 = Release|Any CPU
		{0487CF52-AC08-487C-A8CF-E8F00E0C75B5}.Release|x86.ActiveCfg = Release|Any CPU
		{0487CF52-AC08-487C-A8CF-E8F00E0C75B5}.Release|x86.Build.0 = Release|Any CPU
		{42B44B54-24BA-49A6-8C0A-4537096DD0B9}.Debug|Any CPU.ActiveCfg = Debug|Any CPU
		{42B44B54-24BA-49A6-8C0A-4537096DD0B9}.Debug|Any CPU.Build.0 = Debug|Any CPU
		{42B44B54-24BA-49A6-8C0A-4537096DD0B9}.Debug|x64.ActiveCfg = Debug|Any CPU
		{42B44B54-24BA-49A6-8C0A-4537096DD0B9}.Debug|x64.Build.0 = Debug|Any CPU
		{42B44B54-24BA-49A6-8C0A-4537096DD0B9}.Debug|x86.ActiveCfg = Debug|Any CPU
		{42B44B54-24BA-49A6-8C0A-4537096DD0B9}.Debug|x86.Build.0 = Debug|Any CPU
		{42B44B54-24BA-49A6-8C0A-4537096DD0B9}.Release|Any CPU.ActiveCfg = Release|Any CPU
		{42B44B54-24BA-49A6-8C0A-4537096DD0B9}.Release|Any CPU.Build.0 = Release|Any CPU
		{42B44B54-24BA-49A6-8C0A-4537096DD0B9}.Release|x64.ActiveCfg = Release|Any CPU
		{42B44B54-24BA-49A6-8C0A-4537096DD0B9}.Release|x64.Build.0 = Release|Any CPU
		{42B44B54-24BA-49A6-8C0A-4537096DD0B9}.Release|x86.ActiveCfg = Release|Any CPU
		{42B44B54-24BA-49A6-8C0A-4537096DD0B9}.Release|x86.Build.0 = Release|Any CPU
		{73980C27-9FAC-4C1E-92D1-C448D4D9BC3C}.Debug|Any CPU.ActiveCfg = Debug|Any CPU
		{73980C27-9FAC-4C1E-92D1-C448D4D9BC3C}.Debug|Any CPU.Build.0 = Debug|Any CPU
		{73980C27-9FAC-4C1E-92D1-C448D4D9BC3C}.Debug|x64.ActiveCfg = Debug|Any CPU
		{73980C27-9FAC-4C1E-92D1-C448D4D9BC3C}.Debug|x64.Build.0 = Debug|Any CPU
		{73980C27-9FAC-4C1E-92D1-C448D4D9BC3C}.Debug|x86.ActiveCfg = Debug|Any CPU
		{73980C27-9FAC-4C1E-92D1-C448D4D9BC3C}.Debug|x86.Build.0 = Debug|Any CPU
		{73980C27-9FAC-4C1E-92D1-C448D4D9BC3C}.Release|Any CPU.ActiveCfg = Release|Any CPU
		{73980C27-9FAC-4C1E-92D1-C448D4D9BC3C}.Release|Any CPU.Build.0 = Release|Any CPU
		{73980C27-9FAC-4C1E-92D1-C448D4D9BC3C}.Release|x64.ActiveCfg = Release|Any CPU
		{73980C27-9FAC-4C1E-92D1-C448D4D9BC3C}.Release|x64.Build.0 = Release|Any CPU
		{73980C27-9FAC-4C1E-92D1-C448D4D9BC3C}.Release|x86.ActiveCfg = Release|Any CPU
		{73980C27-9FAC-4C1E-92D1-C448D4D9BC3C}.Release|x86.Build.0 = Release|Any CPU
		{C72C02B8-9B56-4F21-B680-6CDD5DD824B0}.Debug|Any CPU.ActiveCfg = Debug|Any CPU
		{C72C02B8-9B56-4F21-B680-6CDD5DD824B0}.Debug|Any CPU.Build.0 = Debug|Any CPU
		{C72C02B8-9B56-4F21-B680-6CDD5DD824B0}.Debug|x64.ActiveCfg = Debug|Any CPU
		{C72C02B8-9B56-4F21-B680-6CDD5DD824B0}.Debug|x64.Build.0 = Debug|Any CPU
		{C72C02B8-9B56-4F21-B680-6CDD5DD824B0}.Debug|x86.ActiveCfg = Debug|Any CPU
		{C72C02B8-9B56-4F21-B680-6CDD5DD824B0}.Debug|x86.Build.0 = Debug|Any CPU
		{C72C02B8-9B56-4F21-B680-6CDD5DD824B0}.Release|Any CPU.ActiveCfg = Release|Any CPU
		{C72C02B8-9B56-4F21-B680-6CDD5DD824B0}.Release|Any CPU.Build.0 = Release|Any CPU
		{C72C02B8-9B56-4F21-B680-6CDD5DD824B0}.Release|x64.ActiveCfg = Release|Any CPU
		{C72C02B8-9B56-4F21-B680-6CDD5DD824B0}.Release|x64.Build.0 = Release|Any CPU
		{C72C02B8-9B56-4F21-B680-6CDD5DD824B0}.Release|x86.ActiveCfg = Release|Any CPU
		{C72C02B8-9B56-4F21-B680-6CDD5DD824B0}.Release|x86.Build.0 = Release|Any CPU
		{D77F8D24-776C-463D-9D0A-EE6EF6FC6E98}.Debug|Any CPU.ActiveCfg = Debug|Any CPU
		{D77F8D24-776C-463D-9D0A-EE6EF6FC6E98}.Debug|Any CPU.Build.0 = Debug|Any CPU
		{D77F8D24-776C-463D-9D0A-EE6EF6FC6E98}.Debug|x64.ActiveCfg = Debug|Any CPU
		{D77F8D24-776C-463D-9D0A-EE6EF6FC6E98}.Debug|x64.Build.0 = Debug|Any CPU
		{D77F8D24-776C-463D-9D0A-EE6EF6FC6E98}.Debug|x86.ActiveCfg = Debug|Any CPU
		{D77F8D24-776C-463D-9D0A-EE6EF6FC6E98}.Debug|x86.Build.0 = Debug|Any CPU
		{D77F8D24-776C-463D-9D0A-EE6EF6FC6E98}.Release|Any CPU.ActiveCfg = Release|Any CPU
		{D77F8D24-776C-463D-9D0A-EE6EF6FC6E98}.Release|Any CPU.Build.0 = Release|Any CPU
		{D77F8D24-776C-463D-9D0A-EE6EF6FC6E98}.Release|x64.ActiveCfg = Release|Any CPU
		{D77F8D24-776C-463D-9D0A-EE6EF6FC6E98}.Release|x64.Build.0 = Release|Any CPU
		{D77F8D24-776C-463D-9D0A-EE6EF6FC6E98}.Release|x86.ActiveCfg = Release|Any CPU
		{D77F8D24-776C-463D-9D0A-EE6EF6FC6E98}.Release|x86.Build.0 = Release|Any CPU
		{A48F34D8-FA4F-4158-A975-602249945192}.Debug|Any CPU.ActiveCfg = Debug|Any CPU
		{A48F34D8-FA4F-4158-A975-602249945192}.Debug|Any CPU.Build.0 = Debug|Any CPU
		{A48F34D8-FA4F-4158-A975-602249945192}.Debug|x64.ActiveCfg = Debug|Any CPU
		{A48F34D8-FA4F-4158-A975-602249945192}.Debug|x64.Build.0 = Debug|Any CPU
		{A48F34D8-FA4F-4158-A975-602249945192}.Debug|x86.ActiveCfg = Debug|Any CPU
		{A48F34D8-FA4F-4158-A975-602249945192}.Debug|x86.Build.0 = Debug|Any CPU
		{A48F34D8-FA4F-4158-A975-602249945192}.Release|Any CPU.ActiveCfg = Release|Any CPU
		{A48F34D8-FA4F-4158-A975-602249945192}.Release|Any CPU.Build.0 = Release|Any CPU
		{A48F34D8-FA4F-4158-A975-602249945192}.Release|x64.ActiveCfg = Release|Any CPU
		{A48F34D8-FA4F-4158-A975-602249945192}.Release|x64.Build.0 = Release|Any CPU
		{A48F34D8-FA4F-4158-A975-602249945192}.Release|x86.ActiveCfg = Release|Any CPU
		{A48F34D8-FA4F-4158-A975-602249945192}.Release|x86.Build.0 = Release|Any CPU
		{8B78F302-EBB3-430E-A6D7-7A0DF71DC42C}.Debug|Any CPU.ActiveCfg = Debug|Any CPU
		{8B78F302-EBB3-430E-A6D7-7A0DF71DC42C}.Debug|Any CPU.Build.0 = Debug|Any CPU
		{8B78F302-EBB3-430E-A6D7-7A0DF71DC42C}.Debug|x64.ActiveCfg = Debug|Any CPU
		{8B78F302-EBB3-430E-A6D7-7A0DF71DC42C}.Debug|x64.Build.0 = Debug|Any CPU
		{8B78F302-EBB3-430E-A6D7-7A0DF71DC42C}.Debug|x86.ActiveCfg = Debug|Any CPU
		{8B78F302-EBB3-430E-A6D7-7A0DF71DC42C}.Debug|x86.Build.0 = Debug|Any CPU
		{8B78F302-EBB3-430E-A6D7-7A0DF71DC42C}.Release|Any CPU.ActiveCfg = Release|Any CPU
		{8B78F302-EBB3-430E-A6D7-7A0DF71DC42C}.Release|Any CPU.Build.0 = Release|Any CPU
		{8B78F302-EBB3-430E-A6D7-7A0DF71DC42C}.Release|x64.ActiveCfg = Release|Any CPU
		{8B78F302-EBB3-430E-A6D7-7A0DF71DC42C}.Release|x64.Build.0 = Release|Any CPU
		{8B78F302-EBB3-430E-A6D7-7A0DF71DC42C}.Release|x86.ActiveCfg = Release|Any CPU
		{8B78F302-EBB3-430E-A6D7-7A0DF71DC42C}.Release|x86.Build.0 = Release|Any CPU
		{229C2B8B-5B75-464C-8E0E-21D5CD658B87}.Debug|Any CPU.ActiveCfg = Debug|Any CPU
		{229C2B8B-5B75-464C-8E0E-21D5CD658B87}.Debug|Any CPU.Build.0 = Debug|Any CPU
		{229C2B8B-5B75-464C-8E0E-21D5CD658B87}.Debug|x64.ActiveCfg = Debug|Any CPU
		{229C2B8B-5B75-464C-8E0E-21D5CD658B87}.Debug|x64.Build.0 = Debug|Any CPU
		{229C2B8B-5B75-464C-8E0E-21D5CD658B87}.Debug|x86.ActiveCfg = Debug|Any CPU
		{229C2B8B-5B75-464C-8E0E-21D5CD658B87}.Debug|x86.Build.0 = Debug|Any CPU
		{229C2B8B-5B75-464C-8E0E-21D5CD658B87}.Release|Any CPU.ActiveCfg = Release|Any CPU
		{229C2B8B-5B75-464C-8E0E-21D5CD658B87}.Release|Any CPU.Build.0 = Release|Any CPU
		{229C2B8B-5B75-464C-8E0E-21D5CD658B87}.Release|x64.ActiveCfg = Release|Any CPU
		{229C2B8B-5B75-464C-8E0E-21D5CD658B87}.Release|x64.Build.0 = Release|Any CPU
		{229C2B8B-5B75-464C-8E0E-21D5CD658B87}.Release|x86.ActiveCfg = Release|Any CPU
		{229C2B8B-5B75-464C-8E0E-21D5CD658B87}.Release|x86.Build.0 = Release|Any CPU
		{B650628B-9EBB-4F49-8A06-CF95AAC32BE6}.Debug|Any CPU.ActiveCfg = Debug|Any CPU
		{B650628B-9EBB-4F49-8A06-CF95AAC32BE6}.Debug|Any CPU.Build.0 = Debug|Any CPU
		{B650628B-9EBB-4F49-8A06-CF95AAC32BE6}.Debug|x64.ActiveCfg = Debug|Any CPU
		{B650628B-9EBB-4F49-8A06-CF95AAC32BE6}.Debug|x64.Build.0 = Debug|Any CPU
		{B650628B-9EBB-4F49-8A06-CF95AAC32BE6}.Debug|x86.ActiveCfg = Debug|Any CPU
		{B650628B-9EBB-4F49-8A06-CF95AAC32BE6}.Debug|x86.Build.0 = Debug|Any CPU
		{B650628B-9EBB-4F49-8A06-CF95AAC32BE6}.Release|Any CPU.ActiveCfg = Release|Any CPU
		{B650628B-9EBB-4F49-8A06-CF95AAC32BE6}.Release|Any CPU.Build.0 = Release|Any CPU
		{B650628B-9EBB-4F49-8A06-CF95AAC32BE6}.Release|x64.ActiveCfg = Release|Any CPU
		{B650628B-9EBB-4F49-8A06-CF95AAC32BE6}.Release|x64.Build.0 = Release|Any CPU
		{B650628B-9EBB-4F49-8A06-CF95AAC32BE6}.Release|x86.ActiveCfg = Release|Any CPU
		{B650628B-9EBB-4F49-8A06-CF95AAC32BE6}.Release|x86.Build.0 = Release|Any CPU
		{0C47BDB9-F91F-475A-94A8-460141A46828}.Debug|Any CPU.ActiveCfg = Debug|Any CPU
		{0C47BDB9-F91F-475A-94A8-460141A46828}.Debug|Any CPU.Build.0 = Debug|Any CPU
		{0C47BDB9-F91F-475A-94A8-460141A46828}.Debug|x64.ActiveCfg = Debug|Any CPU
		{0C47BDB9-F91F-475A-94A8-460141A46828}.Debug|x64.Build.0 = Debug|Any CPU
		{0C47BDB9-F91F-475A-94A8-460141A46828}.Debug|x86.ActiveCfg = Debug|Any CPU
		{0C47BDB9-F91F-475A-94A8-460141A46828}.Debug|x86.Build.0 = Debug|Any CPU
		{0C47BDB9-F91F-475A-94A8-460141A46828}.Release|Any CPU.ActiveCfg = Release|Any CPU
		{0C47BDB9-F91F-475A-94A8-460141A46828}.Release|Any CPU.Build.0 = Release|Any CPU
		{0C47BDB9-F91F-475A-94A8-460141A46828}.Release|x64.ActiveCfg = Release|Any CPU
		{0C47BDB9-F91F-475A-94A8-460141A46828}.Release|x64.Build.0 = Release|Any CPU
		{0C47BDB9-F91F-475A-94A8-460141A46828}.Release|x86.ActiveCfg = Release|Any CPU
		{0C47BDB9-F91F-475A-94A8-460141A46828}.Release|x86.Build.0 = Release|Any CPU
		{8B9A019B-0ED3-445C-A9FE-8197E19D191B}.Debug|Any CPU.ActiveCfg = Debug|Any CPU
		{8B9A019B-0ED3-445C-A9FE-8197E19D191B}.Debug|Any CPU.Build.0 = Debug|Any CPU
		{8B9A019B-0ED3-445C-A9FE-8197E19D191B}.Debug|x64.ActiveCfg = Debug|Any CPU
		{8B9A019B-0ED3-445C-A9FE-8197E19D191B}.Debug|x64.Build.0 = Debug|Any CPU
		{8B9A019B-0ED3-445C-A9FE-8197E19D191B}.Debug|x86.ActiveCfg = Debug|Any CPU
		{8B9A019B-0ED3-445C-A9FE-8197E19D191B}.Debug|x86.Build.0 = Debug|Any CPU
		{8B9A019B-0ED3-445C-A9FE-8197E19D191B}.Release|Any CPU.ActiveCfg = Release|Any CPU
		{8B9A019B-0ED3-445C-A9FE-8197E19D191B}.Release|Any CPU.Build.0 = Release|Any CPU
		{8B9A019B-0ED3-445C-A9FE-8197E19D191B}.Release|x64.ActiveCfg = Release|Any CPU
		{8B9A019B-0ED3-445C-A9FE-8197E19D191B}.Release|x64.Build.0 = Release|Any CPU
		{8B9A019B-0ED3-445C-A9FE-8197E19D191B}.Release|x86.ActiveCfg = Release|Any CPU
		{8B9A019B-0ED3-445C-A9FE-8197E19D191B}.Release|x86.Build.0 = Release|Any CPU
	EndGlobalSection
	GlobalSection(SolutionProperties) = preSolution
		HideSolutionNode = FALSE
	EndGlobalSection
	GlobalSection(NestedProjects) = preSolution
		{6DDDF766-278E-479D-9362-24A80A11FB52} = {827E0CD3-B72D-47B6-A68D-7590B98EB39B}
		{3F182951-C04E-44CD-8978-E1FBD314B313} = {827E0CD3-B72D-47B6-A68D-7590B98EB39B}
		{A1BC839A-2826-45FA-AE67-7A5D71D06150} = {827E0CD3-B72D-47B6-A68D-7590B98EB39B}
		{D7612D3C-F012-4D08-9546-D9B9A558AD37} = {827E0CD3-B72D-47B6-A68D-7590B98EB39B}
		{5EE179FE-8992-4463-9BE1-F48130A9B49E} = {827E0CD3-B72D-47B6-A68D-7590B98EB39B}
		{EFB829E1-F924-4159-841A-2867902C5AB0} = {827E0CD3-B72D-47B6-A68D-7590B98EB39B}
		{A9EBA6EA-3166-4B68-BF2F-1F277E04AFAE} = {827E0CD3-B72D-47B6-A68D-7590B98EB39B}
		{345860A7-E789-4465-B227-01B1FF977675} = {827E0CD3-B72D-47B6-A68D-7590B98EB39B}
		{E2CF8623-3EEB-4158-B262-4CAC4C495F33} = {827E0CD3-B72D-47B6-A68D-7590B98EB39B}
		{42F743DA-6FC8-4B64-A7ED-CC0C5B516F0F} = {827E0CD3-B72D-47B6-A68D-7590B98EB39B}
		{64903903-C12B-47DE-A05D-9B6BBEA5F385} = {827E0CD3-B72D-47B6-A68D-7590B98EB39B}
		{A7DCCFAB-D0FC-48D4-A995-681859968C3C} = {827E0CD3-B72D-47B6-A68D-7590B98EB39B}
		{CEE1347E-BF91-4231-9C39-B43A73B581D3} = {827E0CD3-B72D-47B6-A68D-7590B98EB39B}
		{593DD95F-51DE-41AE-BE80-71D3039AD35A} = {827E0CD3-B72D-47B6-A68D-7590B98EB39B}
		{3FA00A10-62B6-410F-AB83-9B7AE3676002} = {827E0CD3-B72D-47B6-A68D-7590B98EB39B}
		{DAA38254-8D02-47AF-AAD9-D95F2D1DC803} = {827E0CD3-B72D-47B6-A68D-7590B98EB39B}
		{6B7FB9B7-B544-408C-8D92-770312C089DE} = {827E0CD3-B72D-47B6-A68D-7590B98EB39B}
		{BA481235-9EF0-4C07-AD13-3B760CC5FB83} = {0C88DD14-F956-CE84-757C-A364CCF449FC}
		{32FC215F-97BA-4040-8EEA-94A75B74D6C4} = {0C88DD14-F956-CE84-757C-A364CCF449FC}
		{0487CF52-AC08-487C-A8CF-E8F00E0C75B5} = {0C88DD14-F956-CE84-757C-A364CCF449FC}
		{42B44B54-24BA-49A6-8C0A-4537096DD0B9} = {0C88DD14-F956-CE84-757C-A364CCF449FC}
		{73980C27-9FAC-4C1E-92D1-C448D4D9BC3C} = {0C88DD14-F956-CE84-757C-A364CCF449FC}
		{C72C02B8-9B56-4F21-B680-6CDD5DD824B0} = {0C88DD14-F956-CE84-757C-A364CCF449FC}
		{D77F8D24-776C-463D-9D0A-EE6EF6FC6E98} = {0C88DD14-F956-CE84-757C-A364CCF449FC}
		{A48F34D8-FA4F-4158-A975-602249945192} = {0C88DD14-F956-CE84-757C-A364CCF449FC}
		{8B78F302-EBB3-430E-A6D7-7A0DF71DC42C} = {0C88DD14-F956-CE84-757C-A364CCF449FC}
		{229C2B8B-5B75-464C-8E0E-21D5CD658B87} = {0C88DD14-F956-CE84-757C-A364CCF449FC}
		{B650628B-9EBB-4F49-8A06-CF95AAC32BE6} = {0C88DD14-F956-CE84-757C-A364CCF449FC}
		{0C47BDB9-F91F-475A-94A8-460141A46828} = {0C88DD14-F956-CE84-757C-A364CCF449FC}
		{8B9A019B-0ED3-445C-A9FE-8197E19D191B} = {0C88DD14-F956-CE84-757C-A364CCF449FC}
	EndGlobalSection
EndGlobal
